// !$*UTF8*$!
{
	archiveVersion = 1;
	classes = {
	};
	objectVersion = 50;
	objects = {

/* Begin PBXBuildFile section */
		2FA3905224F95334005EC02B /* CalculatorCore.framework in Frameworks */ = {isa = PBXBuildFile; fileRef = 2FA3904824F95333005EC02B /* CalculatorCore.framework */; };
		2FA3905924F95334005EC02B /* CalculatorCore.h in Headers */ = {isa = PBXBuildFile; fileRef = 2FA3904B24F95333005EC02B /* CalculatorCore.h */; settings = {ATTRIBUTES = (Public, ); }; };
		2FA3906424F95343005EC02B /* Calculator.swift in Sources */ = {isa = PBXBuildFile; fileRef = 2FA3906224F95343005EC02B /* Calculator.swift */; };
		2FA3906524F95343005EC02B /* CalculatorError.swift in Sources */ = {isa = PBXBuildFile; fileRef = 2FA3906324F95343005EC02B /* CalculatorError.swift */; };
		2FA3906724F95368005EC02B /* CalculatorTests.swift in Sources */ = {isa = PBXBuildFile; fileRef = 2FA3906624F95368005EC02B /* CalculatorTests.swift */; };
/* End PBXBuildFile section */

/* Begin PBXContainerItemProxy section */
		2FA3905324F95334005EC02B /* PBXContainerItemProxy */ = {
			isa = PBXContainerItemProxy;
			containerPortal = 2FA3903F24F95333005EC02B /* Project object */;
			proxyType = 1;
			remoteGlobalIDString = 2FA3904724F95333005EC02B;
			remoteInfo = CalculatorCore;
		};
/* End PBXContainerItemProxy section */

/* Begin PBXFileReference section */
		2FA3904824F95333005EC02B /* CalculatorCore.framework */ = {isa = PBXFileReference; explicitFileType = wrapper.framework; includeInIndex = 0; path = CalculatorCore.framework; sourceTree = BUILT_PRODUCTS_DIR; };
		2FA3904B24F95333005EC02B /* CalculatorCore.h */ = {isa = PBXFileReference; lastKnownFileType = sourcecode.c.h; path = CalculatorCore.h; sourceTree = "<group>"; };
		2FA3904C24F95333005EC02B /* Info.plist */ = {isa = PBXFileReference; lastKnownFileType = text.plist.xml; path = Info.plist; sourceTree = "<group>"; };
		2FA3905124F95334005EC02B /* CalculatorCoreTests.xctest */ = {isa = PBXFileReference; explicitFileType = wrapper.cfbundle; includeInIndex = 0; path = CalculatorCoreTests.xctest; sourceTree = BUILT_PRODUCTS_DIR; };
		2FA3905824F95334005EC02B /* Info.plist */ = {isa = PBXFileReference; lastKnownFileType = text.plist.xml; path = Info.plist; sourceTree = "<group>"; };
		2FA3906224F95343005EC02B /* Calculator.swift */ = {isa = PBXFileReference; lastKnownFileType = sourcecode.swift; path = Calculator.swift; sourceTree = "<group>"; };
		2FA3906324F95343005EC02B /* CalculatorError.swift */ = {isa = PBXFileReference; lastKnownFileType = sourcecode.swift; path = CalculatorError.swift; sourceTree = "<group>"; };
		2FA3906624F95368005EC02B /* CalculatorTests.swift */ = {isa = PBXFileReference; lastKnownFileType = sourcecode.swift; path = CalculatorTests.swift; sourceTree = "<group>"; };
/* End PBXFileReference section */

/* Begin PBXFrameworksBuildPhase section */
		2FA3904524F95333005EC02B /* Frameworks */ = {
			isa = PBXFrameworksBuildPhase;
			buildActionMask = 2147483647;
			files = (
			);
			runOnlyForDeploymentPostprocessing = 0;
		};
		2FA3904E24F95334005EC02B /* Frameworks */ = {
			isa = PBXFrameworksBuildPhase;
			buildActionMask = 2147483647;
			files = (
				2FA3905224F95334005EC02B /* CalculatorCore.framework in Frameworks */,
			);
			runOnlyForDeploymentPostprocessing = 0;
		};
/* End PBXFrameworksBuildPhase section */

/* Begin PBXGroup section */
		2FA3903E24F95333005EC02B = {
			isa = PBXGroup;
			children = (
				2FA3904A24F95333005EC02B /* CalculatorCore */,
				2FA3905524F95334005EC02B /* CalculatorCoreTests */,
				2FA3904924F95333005EC02B /* Products */,
			);
			sourceTree = "<group>";
		};
		2FA3904924F95333005EC02B /* Products */ = {
			isa = PBXGroup;
			children = (
				2FA3904824F95333005EC02B /* CalculatorCore.framework */,
				2FA3905124F95334005EC02B /* CalculatorCoreTests.xctest */,
			);
			name = Products;
			sourceTree = "<group>";
		};
		2FA3904A24F95333005EC02B /* CalculatorCore */ = {
			isa = PBXGroup;
			children = (
				2FA3906224F95343005EC02B /* Calculator.swift */,
				2FA3906324F95343005EC02B /* CalculatorError.swift */,
				2FA3904B24F95333005EC02B /* CalculatorCore.h */,
				2FA3904C24F95333005EC02B /* Info.plist */,
			);
			path = CalculatorCore;
			sourceTree = "<group>";
		};
		2FA3905524F95334005EC02B /* CalculatorCoreTests */ = {
			isa = PBXGroup;
			children = (
				2FA3906624F95368005EC02B /* CalculatorTests.swift */,
				2FA3905824F95334005EC02B /* Info.plist */,
			);
			path = CalculatorCoreTests;
			sourceTree = "<group>";
		};
/* End PBXGroup section */

/* Begin PBXHeadersBuildPhase section */
		2FA3904324F95333005EC02B /* Headers */ = {
			isa = PBXHeadersBuildPhase;
			buildActionMask = 2147483647;
			files = (
				2FA3905924F95334005EC02B /* CalculatorCore.h in Headers */,
			);
			runOnlyForDeploymentPostprocessing = 0;
		};
/* End PBXHeadersBuildPhase section */

/* Begin PBXNativeTarget section */
		2FA3904724F95333005EC02B /* CalculatorCore */ = {
			isa = PBXNativeTarget;
			buildConfigurationList = 2FA3905C24F95334005EC02B /* Build configuration list for PBXNativeTarget "CalculatorCore" */;
			buildPhases = (
				2FA3904324F95333005EC02B /* Headers */,
				2FA3904424F95333005EC02B /* Sources */,
				2FA3904524F95333005EC02B /* Frameworks */,
				2FA3904624F95333005EC02B /* Resources */,
			);
			buildRules = (
			);
			dependencies = (
			);
			name = CalculatorCore;
			productName = CalculatorCore;
			productReference = 2FA3904824F95333005EC02B /* CalculatorCore.framework */;
			productType = "com.apple.product-type.framework";
		};
		2FA3905024F95334005EC02B /* CalculatorCoreTests */ = {
			isa = PBXNativeTarget;
			buildConfigurationList = 2FA3905F24F95334005EC02B /* Build configuration list for PBXNativeTarget "CalculatorCoreTests" */;
			buildPhases = (
				2FA3904D24F95334005EC02B /* Sources */,
				2FA3904E24F95334005EC02B /* Frameworks */,
				2FA3904F24F95334005EC02B /* Resources */,
			);
			buildRules = (
			);
			dependencies = (
				2FA3905424F95334005EC02B /* PBXTargetDependency */,
			);
			name = CalculatorCoreTests;
			productName = CalculatorCoreTests;
			productReference = 2FA3905124F95334005EC02B /* CalculatorCoreTests.xctest */;
			productType = "com.apple.product-type.bundle.unit-test";
		};
/* End PBXNativeTarget section */

/* Begin PBXProject section */
		2FA3903F24F95333005EC02B /* Project object */ = {
			isa = PBXProject;
			attributes = {
				LastSwiftUpdateCheck = 1100;
				LastUpgradeCheck = 1100;
				ORGANIZATIONNAME = "Guilherme Guimaraes";
				TargetAttributes = {
					2FA3904724F95333005EC02B = {
						CreatedOnToolsVersion = 11.0;
					};
					2FA3905024F95334005EC02B = {
						CreatedOnToolsVersion = 11.0;
					};
				};
			};
			buildConfigurationList = 2FA3904224F95333005EC02B /* Build configuration list for PBXProject "CalculatorCore" */;
			compatibilityVersion = "Xcode 9.3";
			developmentRegion = en;
			hasScannedForEncodings = 0;
			knownRegions = (
				en,
				Base,
			);
			mainGroup = 2FA3903E24F95333005EC02B;
			productRefGroup = 2FA3904924F95333005EC02B /* Products */;
			projectDirPath = "";
			projectRoot = "";
			targets = (
				2FA3904724F95333005EC02B /* CalculatorCore */,
				2FA3905024F95334005EC02B /* CalculatorCoreTests */,
			);
		};
/* End PBXProject section */

/* Begin PBXResourcesBuildPhase section */
		2FA3904624F95333005EC02B /* Resources */ = {
			isa = PBXResourcesBuildPhase;
			buildActionMask = 2147483647;
			files = (
			);
			runOnlyForDeploymentPostprocessing = 0;
		};
		2FA3904F24F95334005EC02B /* Resources */ = {
			isa = PBXResourcesBuildPhase;
			buildActionMask = 2147483647;
			files = (
			);
			runOnlyForDeploymentPostprocessing = 0;
		};
/* End PBXResourcesBuildPhase section */

/* Begin PBXSourcesBuildPhase section */
		2FA3904424F95333005EC02B /* Sources */ = {
			isa = PBXSourcesBuildPhase;
			buildActionMask = 2147483647;
			files = (
				2FA3906524F95343005EC02B /* CalculatorError.swift in Sources */,
				2FA3906424F95343005EC02B /* Calculator.swift in Sources */,
			);
			runOnlyForDeploymentPostprocessing = 0;
		};
		2FA3904D24F95334005EC02B /* Sources */ = {
			isa = PBXSourcesBuildPhase;
			buildActionMask = 2147483647;
			files = (
				2FA3906724F95368005EC02B /* CalculatorTests.swift in Sources */,
			);
			runOnlyForDeploymentPostprocessing = 0;
		};
/* End PBXSourcesBuildPhase section */

/* Begin PBXTargetDependency section */
		2FA3905424F95334005EC02B /* PBXTargetDependency */ = {
			isa = PBXTargetDependency;
			target = 2FA3904724F95333005EC02B /* CalculatorCore */;
			targetProxy = 2FA3905324F95334005EC02B /* PBXContainerItemProxy */;
		};
/* End PBXTargetDependency section */

/* Begin XCBuildConfiguration section */
		2FA3905A24F95334005EC02B /* Debug */ = {
			isa = XCBuildConfiguration;
			buildSettings = {
				ALWAYS_SEARCH_USER_PATHS = NO;
				CLANG_ANALYZER_NONNULL = YES;
				CLANG_ANALYZER_NUMBER_OBJECT_CONVERSION = YES_AGGRESSIVE;
				CLANG_CXX_LANGUAGE_STANDARD = "gnu++14";
				CLANG_CXX_LIBRARY = "libc++";
				CLANG_ENABLE_MODULES = YES;
				CLANG_ENABLE_OBJC_ARC = YES;
				CLANG_ENABLE_OBJC_WEAK = YES;
				CLANG_WARN_BLOCK_CAPTURE_AUTORELEASING = YES;
				CLANG_WARN_BOOL_CONVERSION = YES;
				CLANG_WARN_COMMA = YES;
				CLANG_WARN_CONSTANT_CONVERSION = YES;
				CLANG_WARN_DEPRECATED_OBJC_IMPLEMENTATIONS = YES;
				CLANG_WARN_DIRECT_OBJC_ISA_USAGE = YES_ERROR;
				CLANG_WARN_DOCUMENTATION_COMMENTS = YES;
				CLANG_WARN_EMPTY_BODY = YES;
				CLANG_WARN_ENUM_CONVERSION = YES;
				CLANG_WARN_INFINITE_RECURSION = YES;
				CLANG_WARN_INT_CONVERSION = YES;
				CLANG_WARN_NON_LITERAL_NULL_CONVERSION = YES;
				CLANG_WARN_OBJC_IMPLICIT_RETAIN_SELF = YES;
				CLANG_WARN_OBJC_LITERAL_CONVERSION = YES;
				CLANG_WARN_OBJC_ROOT_CLASS = YES_ERROR;
				CLANG_WARN_RANGE_LOOP_ANALYSIS = YES;
				CLANG_WARN_STRICT_PROTOTYPES = YES;
				CLANG_WARN_SUSPICIOUS_MOVE = YES;
				CLANG_WARN_UNGUARDED_AVAILABILITY = YES_AGGRESSIVE;
				CLANG_WARN_UNREACHABLE_CODE = YES;
				CLANG_WARN__DUPLICATE_METHOD_MATCH = YES;
				COPY_PHASE_STRIP = NO;
				CURRENT_PROJECT_VERSION = 1;
				DEBUG_INFORMATION_FORMAT = dwarf;
				ENABLE_STRICT_OBJC_MSGSEND = YES;
				ENABLE_TESTABILITY = YES;
				GCC_C_LANGUAGE_STANDARD = gnu11;
				GCC_DYNAMIC_NO_PIC = NO;
				GCC_NO_COMMON_BLOCKS = YES;
				GCC_OPTIMIZATION_LEVEL = 0;
				GCC_PREPROCESSOR_DEFINITIONS = (
					"DEBUG=1",
					"$(inherited)",
				);
				GCC_WARN_64_TO_32_BIT_CONVERSION = YES;
				GCC_WARN_ABOUT_RETURN_TYPE = YES_ERROR;
				GCC_WARN_UNDECLARED_SELECTOR = YES;
				GCC_WARN_UNINITIALIZED_AUTOS = YES_AGGRESSIVE;
				GCC_WARN_UNUSED_FUNCTION = YES;
				GCC_WARN_UNUSED_VARIABLE = YES;
				IPHONEOS_DEPLOYMENT_TARGET = 13.0;
				MTL_ENABLE_DEBUG_INFO = INCLUDE_SOURCE;
				MTL_FAST_MATH = YES;
				ONLY_ACTIVE_ARCH = YES;
				SDKROOT = iphoneos;
				SWIFT_ACTIVE_COMPILATION_CONDITIONS = DEBUG;
				SWIFT_OPTIMIZATION_LEVEL = "-Onone";
				VERSIONING_SYSTEM = "apple-generic";
				VERSION_INFO_PREFIX = "";
			};
			name = Debug;
		};
		2FA3905B24F95334005EC02B /* Release */ = {
			isa = XCBuildConfiguration;
			buildSettings = {
				ALWAYS_SEARCH_USER_PATHS = NO;
				CLANG_ANALYZER_NONNULL = YES;
				CLANG_ANALYZER_NUMBER_OBJECT_CONVERSION = YES_AGGRESSIVE;
				CLANG_CXX_LANGUAGE_STANDARD = "gnu++14";
				CLANG_CXX_LIBRARY = "libc++";
				CLANG_ENABLE_MODULES = YES;
				CLANG_ENABLE_OBJC_ARC = YES;
				CLANG_ENABLE_OBJC_WEAK = YES;
				CLANG_WARN_BLOCK_CAPTURE_AUTORELEASING = YES;
				CLANG_WARN_BOOL_CONVERSION = YES;
				CLANG_WARN_COMMA = YES;
				CLANG_WARN_CONSTANT_CONVERSION = YES;
				CLANG_WARN_DEPRECATED_OBJC_IMPLEMENTATIONS = YES;
				CLANG_WARN_DIRECT_OBJC_ISA_USAGE = YES_ERROR;
				CLANG_WARN_DOCUMENTATION_COMMENTS = YES;
				CLANG_WARN_EMPTY_BODY = YES;
				CLANG_WARN_ENUM_CONVERSION = YES;
				CLANG_WARN_INFINITE_RECURSION = YES;
				CLANG_WARN_INT_CONVERSION = YES;
				CLANG_WARN_NON_LITERAL_NULL_CONVERSION = YES;
				CLANG_WARN_OBJC_IMPLICIT_RETAIN_SELF = YES;
				CLANG_WARN_OBJC_LITERAL_CONVERSION = YES;
				CLANG_WARN_OBJC_ROOT_CLASS = YES_ERROR;
				CLANG_WARN_RANGE_LOOP_ANALYSIS = YES;
				CLANG_WARN_STRICT_PROTOTYPES = YES;
				CLANG_WARN_SUSPICIOUS_MOVE = YES;
				CLANG_WARN_UNGUARDED_AVAILABILITY = YES_AGGRESSIVE;
				CLANG_WARN_UNREACHABLE_CODE = YES;
				CLANG_WARN__DUPLICATE_METHOD_MATCH = YES;
				COPY_PHASE_STRIP = NO;
				CURRENT_PROJECT_VERSION = 1;
				DEBUG_INFORMATION_FORMAT = "dwarf-with-dsym";
				ENABLE_NS_ASSERTIONS = NO;
				ENABLE_STRICT_OBJC_MSGSEND = YES;
				GCC_C_LANGUAGE_STANDARD = gnu11;
				GCC_NO_COMMON_BLOCKS = YES;
				GCC_WARN_64_TO_32_BIT_CONVERSION = YES;
				GCC_WARN_ABOUT_RETURN_TYPE = YES_ERROR;
				GCC_WARN_UNDECLARED_SELECTOR = YES;
				GCC_WARN_UNINITIALIZED_AUTOS = YES_AGGRESSIVE;
				GCC_WARN_UNUSED_FUNCTION = YES;
				GCC_WARN_UNUSED_VARIABLE = YES;
				IPHONEOS_DEPLOYMENT_TARGET = 13.0;
				MTL_ENABLE_DEBUG_INFO = NO;
				MTL_FAST_MATH = YES;
				SDKROOT = iphoneos;
				SWIFT_COMPILATION_MODE = wholemodule;
				SWIFT_OPTIMIZATION_LEVEL = "-O";
				VALIDATE_PRODUCT = YES;
				VERSIONING_SYSTEM = "apple-generic";
				VERSION_INFO_PREFIX = "";
			};
			name = Release;
		};
		2FA3905D24F95334005EC02B /* Debug */ = {
			isa = XCBuildConfiguration;
			buildSettings = {
				CODE_SIGN_STYLE = Automatic;
				DEFINES_MODULE = YES;
				DEVELOPMENT_TEAM = DQ49BS7R9S;
				DYLIB_COMPATIBILITY_VERSION = 1;
				DYLIB_CURRENT_VERSION = 1;
				DYLIB_INSTALL_NAME_BASE = "@rpath";
				INFOPLIST_FILE = CalculatorCore/Info.plist;
				INSTALL_PATH = "$(LOCAL_LIBRARY_DIR)/Frameworks";
				LD_RUNPATH_SEARCH_PATHS = (
					"$(inherited)",
					"@executable_path/Frameworks",
					"@loader_path/Frameworks",
				);
				PRODUCT_BUNDLE_IDENTIFIER = br.com.heaven.CalculatorCore;
				PRODUCT_NAME = "$(TARGET_NAME:c99extidentifier)";
				SKIP_INSTALL = YES;
				SWIFT_VERSION = 5.0;
				TARGETED_DEVICE_FAMILY = "1,2";
			};
			name = Debug;
		};
		2FA3905E24F95334005EC02B /* Release */ = {
			isa = XCBuildConfiguration;
			buildSettings = {
				CODE_SIGN_STYLE = Automatic;
				DEFINES_MODULE = YES;
				DEVELOPMENT_TEAM = DQ49BS7R9S;
				DYLIB_COMPATIBILITY_VERSION = 1;
				DYLIB_CURRENT_VERSION = 1;
				DYLIB_INSTALL_NAME_BASE = "@rpath";
				INFOPLIST_FILE = CalculatorCore/Info.plist;
				INSTALL_PATH = "$(LOCAL_LIBRARY_DIR)/Frameworks";
				LD_RUNPATH_SEARCH_PATHS = (
					"$(inherited)",
					"@executable_path/Frameworks",
					"@loader_path/Frameworks",
				);
				PRODUCT_BUNDLE_IDENTIFIER = br.com.heaven.CalculatorCore;
				PRODUCT_NAME = "$(TARGET_NAME:c99extidentifier)";
				SKIP_INSTALL = YES;
				SWIFT_VERSION = 5.0;
				TARGETED_DEVICE_FAMILY = "1,2";
			};
			name = Release;
		};
		2FA3906024F95334005EC02B /* Debug */ = {
			isa = XCBuildConfiguration;
			buildSettings = {
				ALWAYS_EMBED_SWIFT_STANDARD_LIBRARIES = YES;
				CODE_SIGN_STYLE = Automatic;
				DEVELOPMENT_TEAM = DQ49BS7R9S;
				INFOPLIST_FILE = CalculatorCoreTests/Info.plist;
				LD_RUNPATH_SEARCH_PATHS = (
					"$(inherited)",
					"@executable_path/Frameworks",
					"@loader_path/Frameworks",
				);
				PRODUCT_BUNDLE_IDENTIFIER = br.com.heaven.CalculatorCoreTests;
				PRODUCT_NAME = "$(TARGET_NAME)";
				SWIFT_VERSION = 5.0;
				TARGETED_DEVICE_FAMILY = "1,2";
			};
			name = Debug;
		};
		2FA3906124F95334005EC02B /* Release */ = {
			isa = XCBuildConfiguration;
			buildSettings = {
				ALWAYS_EMBED_SWIFT_STANDARD_LIBRARIES = YES;
				CODE_SIGN_STYLE = Automatic;
				DEVELOPMENT_TEAM = DQ49BS7R9S;
				INFOPLIST_FILE = CalculatorCoreTests/Info.plist;
				LD_RUNPATH_SEARCH_PATHS = (
					"$(inherited)",
					"@executable_path/Frameworks",
					"@loader_path/Frameworks",
				);
				PRODUCT_BUNDLE_IDENTIFIER = br.com.heaven.CalculatorCoreTests;
				PRODUCT_NAME = "$(TARGET_NAME)";
				SWIFT_VERSION = 5.0;
				TARGETED_DEVICE_FAMILY = "1,2";
			};
			name = Release;
		};
/* End XCBuildConfiguration section */

/* Begin XCConfigurationList section */
		2FA3904224F95333005EC02B /* Build configuration list for PBXProject "CalculatorCore" */ = {
			isa = XCConfigurationList;
			buildConfigurations = (
				2FA3905A24F95334005EC02B /* Debug */,
				2FA3905B24F95334005EC02B /* Release */,
			);
			defaultConfigurationIsVisible = 0;
			defaultConfigurationName = Release;
		};
		2FA3905C24F95334005EC02B /* Build configuration list for PBXNativeTarget "CalculatorCore" */ = {
			isa = XCConfigurationList;
			buildConfigurations = (
				2FA3905D24F95334005EC02B /* Debug */,
				2FA3905E24F95334005EC02B /* Release */,
			);
			defaultConfigurationIsVisible = 0;
			defaultConfigurationName = Release;
		};
		2FA3905F24F95334005EC02B /* Build configuration list for PBXNativeTarget "CalculatorCoreTests" */ = {
			isa = XCConfigurationList;
			buildConfigurations = (
				2FA3906024F95334005EC02B /* Debug */,
				2FA3906124F95334005EC02B /* Release */,
			);
			defaultConfigurationIsVisible = 0;
			defaultConfigurationName = Release;
		};
/* End XCConfigurationList section */
	};
	rootObject = 2FA3903F24F95333005EC02B /* Project object */;
}
